// !$*UTF8*$!
{
	archiveVersion = 1;
	classes = {
	};
	objectVersion = 77;
	objects = {

/* Begin PBXBuildFile section */
		BD4B4DC82DB4EE6000A40095 /* FSCalendar in Frameworks */ = {isa = PBXBuildFile; productRef = BD4B4DC72DB4EE6000A40095 /* FSCalendar */; };
		BD67B4892DB508CF002AD73F /* DGCharts in Frameworks */ = {isa = PBXBuildFile; productRef = BD67B4882DB508CF002AD73F /* DGCharts */; };
/* End PBXBuildFile section */

/* Begin PBXContainerItemProxy section */
		BD4B4D9C2DB27D8800A40095 /* PBXContainerItemProxy */ = {
			isa = PBXContainerItemProxy;
			containerPortal = BD4B4D7D2DB27D8500A40095 /* Project object */;
			proxyType = 1;
			remoteGlobalIDString = BD4B4D842DB27D8500A40095;
			remoteInfo = stressReminder;
		};
		BD4B4DA62DB27D8800A40095 /* PBXContainerItemProxy */ = {
			isa = PBXContainerItemProxy;
			containerPortal = BD4B4D7D2DB27D8500A40095 /* Project object */;
			proxyType = 1;
			remoteGlobalIDString = BD4B4D842DB27D8500A40095;
			remoteInfo = stressReminder;
		};
/* End PBXContainerItemProxy section */

/* Begin PBXCopyFilesBuildPhase section */
		BD4B4DD92DB505EE00A40095 /* Embed Frameworks */ = {
			isa = PBXCopyFilesBuildPhase;
			buildActionMask = 2147483647;
			dstPath = "";
			dstSubfolderSpec = 10;
			files = (
			);
			name = "Embed Frameworks";
			runOnlyForDeploymentPostprocessing = 0;
		};
/* End PBXCopyFilesBuildPhase section */

/* Begin PBXFileReference section */
		BD4B4D852DB27D8500A40095 /* stressReminder.app */ = {isa = PBXFileReference; explicitFileType = wrapper.application; includeInIndex = 0; path = stressReminder.app; sourceTree = BUILT_PRODUCTS_DIR; };
		BD4B4D9B2DB27D8800A40095 /* stressReminderTests.xctest */ = {isa = PBXFileReference; explicitFileType = wrapper.cfbundle; includeInIndex = 0; path = stressReminderTests.xctest; sourceTree = BUILT_PRODUCTS_DIR; };
		BD4B4DA52DB27D8800A40095 /* stressReminderUITests.xctest */ = {isa = PBXFileReference; explicitFileType = wrapper.cfbundle; includeInIndex = 0; path = stressReminderUITests.xctest; sourceTree = BUILT_PRODUCTS_DIR; };
/* End PBXFileReference section */

/* Begin PBXFileSystemSynchronizedBuildFileExceptionSet section */
		BD4B4DAD2DB27D8800A40095 /* Exceptions for "stressReminder" folder in "stressReminder" target */ = {
			isa = PBXFileSystemSynchronizedBuildFileExceptionSet;
			membershipExceptions = (
				Info.plist,
			);
			target = BD4B4D842DB27D8500A40095 /* stressReminder */;
		};
/* End PBXFileSystemSynchronizedBuildFileExceptionSet section */

/* Begin PBXFileSystemSynchronizedRootGroup section */
		BD4B4D872DB27D8500A40095 /* stressReminder */ = {
			isa = PBXFileSystemSynchronizedRootGroup;
			exceptions = (
				BD4B4DAD2DB27D8800A40095 /* Exceptions for "stressReminder" folder in "stressReminder" target */,
			);
			path = stressReminder;
			sourceTree = "<group>";
		};
		BD4B4D9E2DB27D8800A40095 /* stressReminderTests */ = {
			isa = PBXFileSystemSynchronizedRootGroup;
			path = stressReminderTests;
			sourceTree = "<group>";
		};
		BD4B4DA82DB27D8800A40095 /* stressReminderUITests */ = {
			isa = PBXFileSystemSynchronizedRootGroup;
			path = stressReminderUITests;
			sourceTree = "<group>";
		};
/* End PBXFileSystemSynchronizedRootGroup section */

/* Begin PBXFrameworksBuildPhase section */
		BD4B4D822DB27D8500A40095 /* Frameworks */ = {
			isa = PBXFrameworksBuildPhase;
			buildActionMask = 2147483647;
			files = (
				BD67B4892DB508CF002AD73F /* DGCharts in Frameworks */,
				BD4B4DC82DB4EE6000A40095 /* FSCalendar in Frameworks */,
			);
			runOnlyForDeploymentPostprocessing = 0;
		};
		BD4B4D982DB27D8800A40095 /* Frameworks */ = {
			isa = PBXFrameworksBuildPhase;
			buildActionMask = 2147483647;
			files = (
			);
			runOnlyForDeploymentPostprocessing = 0;
		};
		BD4B4DA22DB27D8800A40095 /* Frameworks */ = {
			isa = PBXFrameworksBuildPhase;
			buildActionMask = 2147483647;
			files = (
			);
			runOnlyForDeploymentPostprocessing = 0;
		};
/* End PBXFrameworksBuildPhase section */

/* Begin PBXGroup section */
		BD4B4D7C2DB27D8500A40095 = {
			isa = PBXGroup;
			children = (
				BD4B4D872DB27D8500A40095 /* stressReminder */,
				BD4B4D9E2DB27D8800A40095 /* stressReminderTests */,
				BD4B4DA82DB27D8800A40095 /* stressReminderUITests */,
				BD4B4DC62DB4EE6000A40095 /* Frameworks */,
				BD4B4D862DB27D8500A40095 /* Products */,
			);
			sourceTree = "<group>";
		};
		BD4B4D862DB27D8500A40095 /* Products */ = {
			isa = PBXGroup;
			children = (
				BD4B4D852DB27D8500A40095 /* stressReminder.app */,
				BD4B4D9B2DB27D8800A40095 /* stressReminderTests.xctest */,
				BD4B4DA52DB27D8800A40095 /* stressReminderUITests.xctest */,
			);
			name = Products;
			sourceTree = "<group>";
		};
		BD4B4DC62DB4EE6000A40095 /* Frameworks */ = {
			isa = PBXGroup;
			children = (
			);
			name = Frameworks;
			sourceTree = "<group>";
		};
/* End PBXGroup section */

/* Begin PBXNativeTarget section */
		BD4B4D842DB27D8500A40095 /* stressReminder */ = {
			isa = PBXNativeTarget;
			buildConfigurationList = BD4B4DAE2DB27D8800A40095 /* Build configuration list for PBXNativeTarget "stressReminder" */;
			buildPhases = (
				BD4B4D812DB27D8500A40095 /* Sources */,
				BD4B4D822DB27D8500A40095 /* Frameworks */,
				BD4B4D832DB27D8500A40095 /* Resources */,
				BD4B4DD92DB505EE00A40095 /* Embed Frameworks */,
			);
			buildRules = (
			);
			dependencies = (
			);
			fileSystemSynchronizedGroups = (
				BD4B4D872DB27D8500A40095 /* stressReminder */,
			);
			name = stressReminder;
			packageProductDependencies = (
				BD4B4DC72DB4EE6000A40095 /* FSCalendar */,
				BD67B4882DB508CF002AD73F /* DGCharts */,
			);
			productName = stressReminder;
			productReference = BD4B4D852DB27D8500A40095 /* stressReminder.app */;
			productType = "com.apple.product-type.application";
		};
		BD4B4D9A2DB27D8800A40095 /* stressReminderTests */ = {
			isa = PBXNativeTarget;
			buildConfigurationList = BD4B4DB32DB27D8800A40095 /* Build configuration list for PBXNativeTarget "stressReminderTests" */;
			buildPhases = (
				BD4B4D972DB27D8800A40095 /* Sources */,
				BD4B4D982DB27D8800A40095 /* Frameworks */,
				BD4B4D992DB27D8800A40095 /* Resources */,
			);
			buildRules = (
			);
			dependencies = (
				BD4B4D9D2DB27D8800A40095 /* PBXTargetDependency */,
			);
			fileSystemSynchronizedGroups = (
				BD4B4D9E2DB27D8800A40095 /* stressReminderTests */,
			);
			name = stressReminderTests;
			packageProductDependencies = (
			);
			productName = stressReminderTests;
			productReference = BD4B4D9B2DB27D8800A40095 /* stressReminderTests.xctest */;
			productType = "com.apple.product-type.bundle.unit-test";
		};
		BD4B4DA42DB27D8800A40095 /* stressReminderUITests */ = {
			isa = PBXNativeTarget;
			buildConfigurationList = BD4B4DB62DB27D8800A40095 /* Build configuration list for PBXNativeTarget "stressReminderUITests" */;
			buildPhases = (
				BD4B4DA12DB27D8800A40095 /* Sources */,
				BD4B4DA22DB27D8800A40095 /* Frameworks */,
				BD4B4DA32DB27D8800A40095 /* Resources */,
			);
			buildRules = (
			);
			dependencies = (
				BD4B4DA72DB27D8800A40095 /* PBXTargetDependency */,
			);
			fileSystemSynchronizedGroups = (
				BD4B4DA82DB27D8800A40095 /* stressReminderUITests */,
			);
			name = stressReminderUITests;
			packageProductDependencies = (
			);
			productName = stressReminderUITests;
			productReference = BD4B4DA52DB27D8800A40095 /* stressReminderUITests.xctest */;
			productType = "com.apple.product-type.bundle.ui-testing";
		};
/* End PBXNativeTarget section */

/* Begin PBXProject section */
		BD4B4D7D2DB27D8500A40095 /* Project object */ = {
			isa = PBXProject;
			attributes = {
				BuildIndependentTargetsInParallel = 1;
				LastSwiftUpdateCheck = 1630;
				LastUpgradeCheck = 1630;
				TargetAttributes = {
					BD4B4D842DB27D8500A40095 = {
						CreatedOnToolsVersion = 16.3;
					};
					BD4B4D9A2DB27D8800A40095 = {
						CreatedOnToolsVersion = 16.3;
						TestTargetID = BD4B4D842DB27D8500A40095;
					};
					BD4B4DA42DB27D8800A40095 = {
						CreatedOnToolsVersion = 16.3;
						TestTargetID = BD4B4D842DB27D8500A40095;
					};
				};
			};
			buildConfigurationList = BD4B4D802DB27D8500A40095 /* Build configuration list for PBXProject "stressReminder" */;
			developmentRegion = en;
			hasScannedForEncodings = 0;
			knownRegions = (
				en,
				Base,
			);
			mainGroup = BD4B4D7C2DB27D8500A40095;
			minimizedProjectReferenceProxies = 1;
			packageReferences = (
				BD4B4DC52DB4ECC500A40095 /* XCRemoteSwiftPackageReference "FSCalendar" */,
				BD67B4872DB508CA002AD73F /* XCRemoteSwiftPackageReference "Charts" */,
			);
			preferredProjectObjectVersion = 77;
			productRefGroup = BD4B4D862DB27D8500A40095 /* Products */;
			projectDirPath = "";
			projectRoot = "";
			targets = (
				BD4B4D842DB27D8500A40095 /* stressReminder */,
				BD4B4D9A2DB27D8800A40095 /* stressReminderTests */,
				BD4B4DA42DB27D8800A40095 /* stressReminderUITests */,
			);
		};
/* End PBXProject section */

/* Begin PBXResourcesBuildPhase section */
		BD4B4D832DB27D8500A40095 /* Resources */ = {
			isa = PBXResourcesBuildPhase;
			buildActionMask = 2147483647;
			files = (
			);
			runOnlyForDeploymentPostprocessing = 0;
		};
		BD4B4D992DB27D8800A40095 /* Resources */ = {
			isa = PBXResourcesBuildPhase;
			buildActionMask = 2147483647;
			files = (
			);
			runOnlyForDeploymentPostprocessing = 0;
		};
		BD4B4DA32DB27D8800A40095 /* Resources */ = {
			isa = PBXResourcesBuildPhase;
			buildActionMask = 2147483647;
			files = (
			);
			runOnlyForDeploymentPostprocessing = 0;
		};
/* End PBXResourcesBuildPhase section */

/* Begin PBXSourcesBuildPhase section */
		BD4B4D812DB27D8500A40095 /* Sources */ = {
			isa = PBXSourcesBuildPhase;
			buildActionMask = 2147483647;
			files = (
			);
			runOnlyForDeploymentPostprocessing = 0;
		};
		BD4B4D972DB27D8800A40095 /* Sources */ = {
			isa = PBXSourcesBuildPhase;
			buildActionMask = 2147483647;
			files = (
			);
			runOnlyForDeploymentPostprocessing = 0;
		};
		BD4B4DA12DB27D8800A40095 /* Sources */ = {
			isa = PBXSourcesBuildPhase;
			buildActionMask = 2147483647;
			files = (
			);
			runOnlyForDeploymentPostprocessing = 0;
		};
/* End PBXSourcesBuildPhase section */

/* Begin PBXTargetDependency section */
		BD4B4D9D2DB27D8800A40095 /* PBXTargetDependency */ = {
			isa = PBXTargetDependency;
			target = BD4B4D842DB27D8500A40095 /* stressReminder */;
			targetProxy = BD4B4D9C2DB27D8800A40095 /* PBXContainerItemProxy */;
		};
		BD4B4DA72DB27D8800A40095 /* PBXTargetDependency */ = {
			isa = PBXTargetDependency;
			target = BD4B4D842DB27D8500A40095 /* stressReminder */;
			targetProxy = BD4B4DA62DB27D8800A40095 /* PBXContainerItemProxy */;
		};
/* End PBXTargetDependency section */

/* Begin XCBuildConfiguration section */
		BD4B4DAF2DB27D8800A40095 /* Debug */ = {
			isa = XCBuildConfiguration;
			buildSettings = {
				ASSETCATALOG_COMPILER_APPICON_NAME = AppIcon;
				ASSETCATALOG_COMPILER_GLOBAL_ACCENT_COLOR_NAME = AccentColor;
				CODE_SIGN_STYLE = Automatic;
				CURRENT_PROJECT_VERSION = 1;
				DEVELOPMENT_TEAM = S43LT6ALXC;
				GENERATE_INFOPLIST_FILE = YES;
				INFOPLIST_FILE = stressReminder/Info.plist;
				INFOPLIST_KEY_CFBundleDisplayName = "ストレスリマインダー";
				INFOPLIST_KEY_UIApplicationSupportsIndirectInputEvents = YES;
				INFOPLIST_KEY_UILaunchStoryboardName = LaunchScreen;
				INFOPLIST_KEY_UIMainStoryboardFile = "";
				INFOPLIST_KEY_UIStatusBarStyle = "";
				INFOPLIST_KEY_UISupportedInterfaceOrientations_iPad = "UIInterfaceOrientationPortrait UIInterfaceOrientationPortraitUpsideDown UIInterfaceOrientationLandscapeLeft UIInterfaceOrientationLandscapeRight";
				INFOPLIST_KEY_UISupportedInterfaceOrientations_iPhone = "UIInterfaceOrientationPortrait UIInterfaceOrientationLandscapeLeft UIInterfaceOrientationLandscapeRight";
				IPHONEOS_DEPLOYMENT_TARGET = 15.6;
				LD_RUNPATH_SEARCH_PATHS = (
					"$(inherited)",
					"@executable_path/Frameworks",
				);
				MARKETING_VERSION = 1.0;
				PRODUCT_BUNDLE_IDENTIFIER = com.muraura.stressReminder;
				PRODUCT_NAME = "$(TARGET_NAME)";
				SWIFT_EMIT_LOC_STRINGS = YES;
				SWIFT_VERSION = 5.0;
				TARGETED_DEVICE_FAMILY = "1,2";
			};
			name = Debug;
		};
		BD4B4DB02DB27D8800A40095 /* Release */ = {
			isa = XCBuildConfiguration;
			buildSettings = {
				ASSETCATALOG_COMPILER_APPICON_NAME = AppIcon;
				ASSETCATALOG_COMPILER_GLOBAL_ACCENT_COLOR_NAME = AccentColor;
				CODE_SIGN_STYLE = Automatic;
				CURRENT_PROJECT_VERSION = 1;
				DEVELOPMENT_TEAM = S43LT6ALXC;
				GENERATE_INFOPLIST_FILE = YES;
				INFOPLIST_FILE = stressReminder/Info.plist;
				INFOPLIST_KEY_CFBundleDisplayName = "ストレスリマインダー";
				INFOPLIST_KEY_UIApplicationSupportsIndirectInputEvents = YES;
				INFOPLIST_KEY_UILaunchStoryboardName = LaunchScreen;
				INFOPLIST_KEY_UIMainStoryboardFile = "";
				INFOPLIST_KEY_UIStatusBarStyle = "";
				INFOPLIST_KEY_UISupportedInterfaceOrientations_iPad = "UIInterfaceOrientationPortrait UIInterfaceOrientationPortraitUpsideDown UIInterfaceOrientationLandscapeLeft UIInterfaceOrientationLandscapeRight";
				INFOPLIST_KEY_UISupportedInterfaceOrientations_iPhone = "UIInterfaceOrientationPortrait UIInterfaceOrientationLandscapeLeft UIInterfaceOrientationLandscapeRight";
				IPHONEOS_DEPLOYMENT_TARGET = 15.6;
				LD_RUNPATH_SEARCH_PATHS = (
					"$(inherited)",
					"@executable_path/Frameworks",
				);
				MARKETING_VERSION = 1.0;
				PRODUCT_BUNDLE_IDENTIFIER = com.muraura.stressReminder;
				PRODUCT_NAME = "$(TARGET_NAME)";
				SWIFT_EMIT_LOC_STRINGS = YES;
				SWIFT_VERSION = 5.0;
				TARGETED_DEVICE_FAMILY = "1,2";
			};
			name = Release;
		};
		BD4B4DB12DB27D8800A40095 /* Debug */ = {
			isa = XCBuildConfiguration;
			buildSettings = {
				ALWAYS_SEARCH_USER_PATHS = NO;
				ASSETCATALOG_COMPILER_GENERATE_SWIFT_ASSET_SYMBOL_EXTENSIONS = YES;
				CLANG_ANALYZER_NONNULL = YES;
				CLANG_ANALYZER_NUMBER_OBJECT_CONVERSION = YES_AGGRESSIVE;
				CLANG_CXX_LANGUAGE_STANDARD = "gnu++20";
				CLANG_ENABLE_MODULES = YES;
				CLANG_ENABLE_OBJC_ARC = YES;
				CLANG_ENABLE_OBJC_WEAK = YES;
				CLANG_WARN_BLOCK_CAPTURE_AUTORELEASING = YES;
				CLANG_WARN_BOOL_CONVERSION = YES;
				CLANG_WARN_COMMA = YES;
				CLANG_WARN_CONSTANT_CONVERSION = YES;
				CLANG_WARN_DEPRECATED_OBJC_IMPLEMENTATIONS = YES;
				CLANG_WARN_DIRECT_OBJC_ISA_USAGE = YES_ERROR;
				CLANG_WARN_DOCUMENTATION_COMMENTS = YES;
				CLANG_WARN_EMPTY_BODY = YES;
				CLANG_WARN_ENUM_CONVERSION = YES;
				CLANG_WARN_INFINITE_RECURSION = YES;
				CLANG_WARN_INT_CONVERSION = YES;
				CLANG_WARN_NON_LITERAL_NULL_CONVERSION = YES;
				CLANG_WARN_OBJC_IMPLICIT_RETAIN_SELF = YES;
				CLANG_WARN_OBJC_LITERAL_CONVERSION = YES;
				CLANG_WARN_OBJC_ROOT_CLASS = YES_ERROR;
				CLANG_WARN_QUOTED_INCLUDE_IN_FRAMEWORK_HEADER = YES;
				CLANG_WARN_RANGE_LOOP_ANALYSIS = YES;
				CLANG_WARN_STRICT_PROTOTYPES = YES;
				CLANG_WARN_SUSPICIOUS_MOVE = YES;
				CLANG_WARN_UNGUARDED_AVAILABILITY = YES_AGGRESSIVE;
				CLANG_WARN_UNREACHABLE_CODE = YES;
				CLANG_WARN__DUPLICATE_METHOD_MATCH = YES;
				COPY_PHASE_STRIP = NO;
				DEBUG_INFORMATION_FORMAT = dwarf;
				DEVELOPMENT_TEAM = S43LT6ALXC;
				ENABLE_STRICT_OBJC_MSGSEND = YES;
				ENABLE_TESTABILITY = YES;
				ENABLE_USER_SCRIPT_SANDBOXING = YES;
				GCC_C_LANGUAGE_STANDARD = gnu17;
				GCC_DYNAMIC_NO_PIC = NO;
				GCC_NO_COMMON_BLOCKS = YES;
				GCC_OPTIMIZATION_LEVEL = 0;
				GCC_PREPROCESSOR_DEFINITIONS = (
					"DEBUG=1",
					"$(inherited)",
				);
				GCC_WARN_64_TO_32_BIT_CONVERSION = YES;
				GCC_WARN_ABOUT_RETURN_TYPE = YES_ERROR;
				GCC_WARN_UNDECLARED_SELECTOR = YES;
				GCC_WARN_UNINITIALIZED_AUTOS = YES_AGGRESSIVE;
				GCC_WARN_UNUSED_FUNCTION = YES;
				GCC_WARN_UNUSED_VARIABLE = YES;
				IPHONEOS_DEPLOYMENT_TARGET = 18.4;
				LOCALIZATION_PREFERS_STRING_CATALOGS = YES;
				MTL_ENABLE_DEBUG_INFO = INCLUDE_SOURCE;
				MTL_FAST_MATH = YES;
				ONLY_ACTIVE_ARCH = YES;
				SDKROOT = iphoneos;
				SWIFT_ACTIVE_COMPILATION_CONDITIONS = "DEBUG $(inherited)";
				SWIFT_OPTIMIZATION_LEVEL = "-Onone";
			};
			name = Debug;
		};
		BD4B4DB22DB27D8800A40095 /* Release */ = {
			isa = XCBuildConfiguration;
			buildSettings = {
				ALWAYS_SEARCH_USER_PATHS = NO;
				ASSETCATALOG_COMPILER_GENERATE_SWIFT_ASSET_SYMBOL_EXTENSIONS = YES;
				CLANG_ANALYZER_NONNULL = YES;
				CLANG_ANALYZER_NUMBER_OBJECT_CONVERSION = YES_AGGRESSIVE;
				CLANG_CXX_LANGUAGE_STANDARD = "gnu++20";
				CLANG_ENABLE_MODULES = YES;
				CLANG_ENABLE_OBJC_ARC = YES;
				CLANG_ENABLE_OBJC_WEAK = YES;
				CLANG_WARN_BLOCK_CAPTURE_AUTORELEASING = YES;
				CLANG_WARN_BOOL_CONVERSION = YES;
				CLANG_WARN_COMMA = YES;
				CLANG_WARN_CONSTANT_CONVERSION = YES;
				CLANG_WARN_DEPRECATED_OBJC_IMPLEMENTATIONS = YES;
				CLANG_WARN_DIRECT_OBJC_ISA_USAGE = YES_ERROR;
				CLANG_WARN_DOCUMENTATION_COMMENTS = YES;
				CLANG_WARN_EMPTY_BODY = YES;
				CLANG_WARN_ENUM_CONVERSION = YES;
				CLANG_WARN_INFINITE_RECURSION = YES;
				CLANG_WARN_INT_CONVERSION = YES;
				CLANG_WARN_NON_LITERAL_NULL_CONVERSION = YES;
				CLANG_WARN_OBJC_IMPLICIT_RETAIN_SELF = YES;
				CLANG_WARN_OBJC_LITERAL_CONVERSION = YES;
				CLANG_WARN_OBJC_ROOT_CLASS = YES_ERROR;
				CLANG_WARN_QUOTED_INCLUDE_IN_FRAMEWORK_HEADER = YES;
				CLANG_WARN_RANGE_LOOP_ANALYSIS = YES;
				CLANG_WARN_STRICT_PROTOTYPES = YES;
				CLANG_WARN_SUSPICIOUS_MOVE = YES;
				CLANG_WARN_UNGUARDED_AVAILABILITY = YES_AGGRESSIVE;
				CLANG_WARN_UNREACHABLE_CODE = YES;
				CLANG_WARN__DUPLICATE_METHOD_MATCH = YES;
				COPY_PHASE_STRIP = NO;
				DEBUG_INFORMATION_FORMAT = "dwarf-with-dsym";
				DEVELOPMENT_TEAM = S43LT6ALXC;
				ENABLE_NS_ASSERTIONS = NO;
				ENABLE_STRICT_OBJC_MSGSEND = YES;
				ENABLE_USER_SCRIPT_SANDBOXING = YES;
				GCC_C_LANGUAGE_STANDARD = gnu17;
				GCC_NO_COMMON_BLOCKS = YES;
				GCC_WARN_64_TO_32_BIT_CONVERSION = YES;
				GCC_WARN_ABOUT_RETURN_TYPE = YES_ERROR;
				GCC_WARN_UNDECLARED_SELECTOR = YES;
				GCC_WARN_UNINITIALIZED_AUTOS = YES_AGGRESSIVE;
				GCC_WARN_UNUSED_FUNCTION = YES;
				GCC_WARN_UNUSED_VARIABLE = YES;
				IPHONEOS_DEPLOYMENT_TARGET = 18.4;
				LOCALIZATION_PREFERS_STRING_CATALOGS = YES;
				MTL_ENABLE_DEBUG_INFO = NO;
				MTL_FAST_MATH = YES;
				SDKROOT = iphoneos;
				SWIFT_COMPILATION_MODE = wholemodule;
				VALIDATE_PRODUCT = YES;
			};
			name = Release;
		};
		BD4B4DB42DB27D8800A40095 /* Debug */ = {
			isa = XCBuildConfiguration;
			buildSettings = {
				BUNDLE_LOADER = "$(TEST_HOST)";
				CODE_SIGN_STYLE = Automatic;
				CURRENT_PROJECT_VERSION = 1;
				DEVELOPMENT_TEAM = S43LT6ALXC;
				GENERATE_INFOPLIST_FILE = YES;
				IPHONEOS_DEPLOYMENT_TARGET = 18.4;
				MARKETING_VERSION = 1.0;
				PRODUCT_BUNDLE_IDENTIFIER = com.muraura.stressReminderTests;
				PRODUCT_NAME = "$(TARGET_NAME)";
				SWIFT_EMIT_LOC_STRINGS = NO;
				SWIFT_VERSION = 5.0;
				TARGETED_DEVICE_FAMILY = "1,2";
				TEST_HOST = "$(BUILT_PRODUCTS_DIR)/stressReminder.app/$(BUNDLE_EXECUTABLE_FOLDER_PATH)/stressReminder";
			};
			name = Debug;
		};
		BD4B4DB52DB27D8800A40095 /* Release */ = {
			isa = XCBuildConfiguration;
			buildSettings = {
				BUNDLE_LOADER = "$(TEST_HOST)";
				CODE_SIGN_STYLE = Automatic;
				CURRENT_PROJECT_VERSION = 1;
				DEVELOPMENT_TEAM = S43LT6ALXC;
				GENERATE_INFOPLIST_FILE = YES;
				IPHONEOS_DEPLOYMENT_TARGET = 18.4;
				MARKETING_VERSION = 1.0;
				PRODUCT_BUNDLE_IDENTIFIER = com.muraura.stressReminderTests;
				PRODUCT_NAME = "$(TARGET_NAME)";
				SWIFT_EMIT_LOC_STRINGS = NO;
				SWIFT_VERSION = 5.0;
				TARGETED_DEVICE_FAMILY = "1,2";
				TEST_HOST = "$(BUILT_PRODUCTS_DIR)/stressReminder.app/$(BUNDLE_EXECUTABLE_FOLDER_PATH)/stressReminder";
			};
			name = Release;
		};
		BD4B4DB72DB27D8800A40095 /* Debug */ = {
			isa = XCBuildConfiguration;
			buildSettings = {
				CODE_SIGN_STYLE = Automatic;
				CURRENT_PROJECT_VERSION = 1;
				DEVELOPMENT_TEAM = S43LT6ALXC;
				GENERATE_INFOPLIST_FILE = YES;
				MARKETING_VERSION = 1.0;
				PRODUCT_BUNDLE_IDENTIFIER = com.muraura.stressReminderUITests;
				PRODUCT_NAME = "$(TARGET_NAME)";
				SWIFT_EMIT_LOC_STRINGS = NO;
				SWIFT_VERSION = 5.0;
				TARGETED_DEVICE_FAMILY = "1,2";
				TEST_TARGET_NAME = stressReminder;
			};
			name = Debug;
		};
		BD4B4DB82DB27D8800A40095 /* Release */ = {
			isa = XCBuildConfiguration;
			buildSettings = {
				CODE_SIGN_STYLE = Automatic;
				CURRENT_PROJECT_VERSION = 1;
				DEVELOPMENT_TEAM = S43LT6ALXC;
				GENERATE_INFOPLIST_FILE = YES;
				MARKETING_VERSION = 1.0;
				PRODUCT_BUNDLE_IDENTIFIER = com.muraura.stressReminderUITests;
				PRODUCT_NAME = "$(TARGET_NAME)";
				SWIFT_EMIT_LOC_STRINGS = NO;
				SWIFT_VERSION = 5.0;
				TARGETED_DEVICE_FAMILY = "1,2";
				TEST_TARGET_NAME = stressReminder;
			};
			name = Release;
		};
/* End XCBuildConfiguration section */

/* Begin XCConfigurationList section */
		BD4B4D802DB27D8500A40095 /* Build configuration list for PBXProject "stressReminder" */ = {
			isa = XCConfigurationList;
			buildConfigurations = (
				BD4B4DB12DB27D8800A40095 /* Debug */,
				BD4B4DB22DB27D8800A40095 /* Release */,
			);
			defaultConfigurationIsVisible = 0;
			defaultConfigurationName = Release;
		};
		BD4B4DAE2DB27D8800A40095 /* Build configuration list for PBXNativeTarget "stressReminder" */ = {
			isa = XCConfigurationList;
			buildConfigurations = (
				BD4B4DAF2DB27D8800A40095 /* Debug */,
				BD4B4DB02DB27D8800A40095 /* Release */,
			);
			defaultConfigurationIsVisible = 0;
			defaultConfigurationName = Release;
		};
		BD4B4DB32DB27D8800A40095 /* Build configuration list for PBXNativeTarget "stressReminderTests" */ = {
			isa = XCConfigurationList;
			buildConfigurations = (
				BD4B4DB42DB27D8800A40095 /* Debug */,
				BD4B4DB52DB27D8800A40095 /* Release */,
			);
			defaultConfigurationIsVisible = 0;
			defaultConfigurationName = Release;
		};
		BD4B4DB62DB27D8800A40095 /* Build configuration list for PBXNativeTarget "stressReminderUITests" */ = {
			isa = XCConfigurationList;
			buildConfigurations = (
				BD4B4DB72DB27D8800A40095 /* Debug */,
				BD4B4DB82DB27D8800A40095 /* Release */,
			);
			defaultConfigurationIsVisible = 0;
			defaultConfigurationName = Release;
		};
/* End XCConfigurationList section */

/* Begin XCRemoteSwiftPackageReference section */
		BD4B4DC52DB4ECC500A40095 /* XCRemoteSwiftPackageReference "FSCalendar" */ = {
			isa = XCRemoteSwiftPackageReference;
			repositoryURL = "https://github.com/WenchaoD/FSCalendar";
			requirement = {
				kind = upToNextMajorVersion;
				minimumVersion = 2.8.4;
			};
		};
		BD67B4872DB508CA002AD73F /* XCRemoteSwiftPackageReference "Charts" */ = {
			isa = XCRemoteSwiftPackageReference;
			repositoryURL = "https://github.com/danielgindi/Charts.git";
			requirement = {
				kind = upToNextMajorVersion;
				minimumVersion = 5.1.0;
			};
		};
/* End XCRemoteSwiftPackageReference section */

/* Begin XCSwiftPackageProductDependency section */
		BD4B4DC72DB4EE6000A40095 /* FSCalendar */ = {
			isa = XCSwiftPackageProductDependency;
			package = BD4B4DC52DB4ECC500A40095 /* XCRemoteSwiftPackageReference "FSCalendar" */;
			productName = FSCalendar;
		};
		BD67B4882DB508CF002AD73F /* DGCharts */ = {
			isa = XCSwiftPackageProductDependency;
			package = BD67B4872DB508CA002AD73F /* XCRemoteSwiftPackageReference "Charts" */;
			productName = DGCharts;
		};
/* End XCSwiftPackageProductDependency section */
	};
	rootObject = BD4B4D7D2DB27D8500A40095 /* Project object */;
}
